
Microsoft Visual Studio Solution File, Format Version 12.00
# Visual Studio Version 17
VisualStudioVersion = 17.7.34031.279
MinimumVisualStudioVersion = 10.0.40219.1
Project("{FAE04EC0-301F-11D3-BF4B-00C04F79EFBC}") = "ElementMusic", "ElementMusic.csproj", "{19026DC1-5CE4-481A-9909-FB1A31106290}"
EndProject
Global
	GlobalSection(SolutionConfigurationPlatforms) = preSolution
		Debug|Any CPU = Debug|Any CPU
		Release|Any CPU = Release|Any CPU
	EndGlobalSection
	GlobalSection(ProjectConfigurationPlatforms) = postSolution
		{19026DC1-5CE4-481A-9909-FB1A31106290}.Debug|Any CPU.ActiveCfg = Debug|Any CPU
		{19026DC1-5CE4-481A-9909-FB1A31106290}.Debug|Any CPU.Build.0 = Debug|Any CPU
		{19026DC1-5CE4-481A-9909-FB1A31106290}.Release|Any CPU.ActiveCfg = Release|Any CPU
		{19026DC1-5CE4-481A-9909-FB1A31106290}.Release|Any CPU.Build.0 = Release|Any CPU
	EndGlobalSection
	GlobalSection(SolutionProperties) = preSolution
		HideSolutionNode = FALSE
	EndGlobalSection
	GlobalSection(ExtensibilityGlobals) = postSolution
		SolutionGuid = {302F873F-A486-4EF9-91C1-16E2422430A2}
	EndGlobalSection
EndGlobal
